
Microsoft Visual Studio Solution File, Format Version 12.00
# Visual Studio Version 16
VisualStudioVersion = 16.0.32106.194
MinimumVisualStudioVersion = 10.0.40219.1
Project("{9A19103F-16F7-4668-BE54-9A1E7A4F7556}") = "ShowMeTheTemplate", "ShowMeTheTemplate\ShowMeTheTemplate.csproj", "{5A70781A-3E36-4342-A011-4F8EE315CED5}"
EndProject
Global
	GlobalSection(SolutionConfigurationPlatforms) = preSolution
		Debug|Any CPU = Debug|Any CPU
		Release|Any CPU = Release|Any CPU
	EndGlobalSection
	GlobalSection(ProjectConfigurationPlatforms) = postSolution
		{5A70781A-3E36-4342-A011-4F8EE315CED5}.Debug|Any CPU.ActiveCfg = Debug|Any CPU
		{5A70781A-3E36-4342-A011-4F8EE315CED5}.Debug|Any CPU.Build.0 = Debug|Any CPU
		{5A70781A-3E36-4342-A011-4F8EE315CED5}.Release|Any CPU.ActiveCfg = Release|Any CPU
		{5A70781A-3E36-4342-A011-4F8EE315CED5}.Release|Any CPU.Build.0 = Release|Any CPU
	EndGlobalSection
	GlobalSection(SolutionProperties) = preSolution
		HideSolutionNode = FALSE
	EndGlobalSection
	GlobalSection(ExtensibilityGlobals) = postSolution
		SolutionGuid = {1F3E4B44-A22C-46EE-8A93-1FC8C8C09783}
	EndGlobalSection
EndGlobal
